
Microsoft Visual Studio Solution File, Format Version 12.00
# Visual Studio Version 17
VisualStudioVersion = 17.9.34701.34
MinimumVisualStudioVersion = 10.0.40219.1
Project("{FAE04EC0-301F-11D3-BF4B-00C04F79EFBC}") = "FileWork", "FileWork.csproj", "{318D244B-A18C-43F5-B2CA-FA3E65EF40FB}"
EndProject
Global
	GlobalSection(SolutionConfigurationPlatforms) = preSolution
		Debug|Any CPU = Debug|Any CPU
		Release|Any CPU = Release|Any CPU
	EndGlobalSection
	GlobalSection(ProjectConfigurationPlatforms) = postSolution
		{318D244B-A18C-43F5-B2CA-FA3E65EF40FB}.Debug|Any CPU.ActiveCfg = Debug|Any CPU
		{318D244B-A18C-43F5-B2CA-FA3E65EF40FB}.Debug|Any CPU.Build.0 = Debug|Any CPU
		{318D244B-A18C-43F5-B2CA-FA3E65EF40FB}.Release|Any CPU.ActiveCfg = Release|Any CPU
		{318D244B-A18C-43F5-B2CA-FA3E65EF40FB}.Release|Any CPU.Build.0 = Release|Any CPU
	EndGlobalSection
	GlobalSection(SolutionProperties) = preSolution
		HideSolutionNode = FALSE
	EndGlobalSection
	GlobalSection(ExtensibilityGlobals) = postSolution
		SolutionGuid = {80640DE9-5727-46B2-9964-802295E42BA3}
	EndGlobalSection
EndGlobal
